
Microsoft Visual Studio Solution File, Format Version 12.00
# Visual Studio Version 17
VisualStudioVersion = 17.8.34316.72
MinimumVisualStudioVersion = 10.0.40219.1
Project("{9A19103F-16F7-4668-BE54-9A1E7A4F7556}") = "RadioRecord", "RadioRecord.csproj", "{83F64A6F-5157-41E7-82F6-AAC0A7A899EE}"
EndProject
Global
	GlobalSection(SolutionConfigurationPlatforms) = preSolution
		Debug|Any CPU = Debug|Any CPU
		Release|Any CPU = Release|Any CPU
	EndGlobalSection
	GlobalSection(ProjectConfigurationPlatforms) = postSolution
		{83F64A6F-5157-41E7-82F6-AAC0A7A899EE}.Debug|Any CPU.ActiveCfg = Debug|Any CPU
		{83F64A6F-5157-41E7-82F6-AAC0A7A899EE}.Debug|Any CPU.Build.0 = Debug|Any CPU
		{83F64A6F-5157-41E7-82F6-AAC0A7A899EE}.Debug|Any CPU.Deploy.0 = Debug|Any CPU
		{83F64A6F-5157-41E7-82F6-AAC0A7A899EE}.Release|Any CPU.ActiveCfg = Release|Any CPU
		{83F64A6F-5157-41E7-82F6-AAC0A7A899EE}.Release|Any CPU.Build.0 = Release|Any CPU
		{83F64A6F-5157-41E7-82F6-AAC0A7A899EE}.Release|Any CPU.Deploy.0 = Release|Any CPU
	EndGlobalSection
	GlobalSection(SolutionProperties) = preSolution
		HideSolutionNode = FALSE
	EndGlobalSection
	GlobalSection(ExtensibilityGlobals) = postSolution
		SolutionGuid = {2A610792-80D6-4E19-95CB-73644BA4427F}
	EndGlobalSection
EndGlobal
